
Microsoft Visual Studio Solution File, Format Version 12.00
# Visual Studio Version 17
VisualStudioVersion = 17.5.33530.505
MinimumVisualStudioVersion = 10.0.40219.1
Project("{9A19103F-16F7-4668-BE54-9A1E7A4F7556}") = "ShopCartService.Host", "ShopCartService.Host\ShopCartService.Host.csproj", "{D7B705E5-E1B2-4A91-962B-C53F63221F37}"
EndProject
Project("{FAE04EC0-301F-11D3-BF4B-00C04F79EFBC}") = "ShopCartService.Domain", "ShopCartService.Domain\ShopCartService.Domain.csproj", "{CF0E8BC9-1495-428F-8118-200A2AA6DED0}"
EndProject
Project("{FAE04EC0-301F-11D3-BF4B-00C04F79EFBC}") = "ShopCardService.Infrastructure", "ShopCardService.Infrastructure\ShopCardService.Infrastructure.csproj", "{77B46D4F-83E5-463D-8026-10D5C6528DEB}"
EndProject
Global
	GlobalSection(SolutionConfigurationPlatforms) = preSolution
		Debug|Any CPU = Debug|Any CPU
		Release|Any CPU = Release|Any CPU
	EndGlobalSection
	GlobalSection(ProjectConfigurationPlatforms) = postSolution
		{D7B705E5-E1B2-4A91-962B-C53F63221F37}.Debug|Any CPU.ActiveCfg = Debug|Any CPU
		{D7B705E5-E1B2-4A91-962B-C53F63221F37}.Debug|Any CPU.Build.0 = Debug|Any CPU
		{D7B705E5-E1B2-4A91-962B-C53F63221F37}.Release|Any CPU.ActiveCfg = Release|Any CPU
		{D7B705E5-E1B2-4A91-962B-C53F63221F37}.Release|Any CPU.Build.0 = Release|Any CPU
		{CF0E8BC9-1495-428F-8118-200A2AA6DED0}.Debug|Any CPU.ActiveCfg = Debug|Any CPU
		{CF0E8BC9-1495-428F-8118-200A2AA6DED0}.Debug|Any CPU.Build.0 = Debug|Any CPU
		{CF0E8BC9-1495-428F-8118-200A2AA6DED0}.Release|Any CPU.ActiveCfg = Release|Any CPU
		{CF0E8BC9-1495-428F-8118-200A2AA6DED0}.Release|Any CPU.Build.0 = Release|Any CPU
		{77B46D4F-83E5-463D-8026-10D5C6528DEB}.Debug|Any CPU.ActiveCfg = Debug|Any CPU
		{77B46D4F-83E5-463D-8026-10D5C6528DEB}.Debug|Any CPU.Build.0 = Debug|Any CPU
		{77B46D4F-83E5-463D-8026-10D5C6528DEB}.Release|Any CPU.ActiveCfg = Release|Any CPU
		{77B46D4F-83E5-463D-8026-10D5C6528DEB}.Release|Any CPU.Build.0 = Release|Any CPU
	EndGlobalSection
	GlobalSection(SolutionProperties) = preSolution
		HideSolutionNode = FALSE
	EndGlobalSection
	GlobalSection(ExtensibilityGlobals) = postSolution
		SolutionGuid = {776E37C0-ECDF-4978-B1CE-B1B7C77F7FE7}
	EndGlobalSection
EndGlobal
